// !$*UTF8*$!
{
	archiveVersion = 1;
	classes = {
	};
	objectVersion = 46;
	objects = {

/* Begin PBXBuildFile section */
		276F37BB1D4810CB004E1732 /* AppDelegate.swift in Sources */ = {isa = PBXBuildFile; fileRef = 276F37BA1D4810CB004E1732 /* AppDelegate.swift */; };
		276F37BD1D4810CB004E1732 /* ViewController.swift in Sources */ = {isa = PBXBuildFile; fileRef = 276F37BC1D4810CB004E1732 /* ViewController.swift */; };
		276F37C01D4810CB004E1732 /* Main.storyboard in Resources */ = {isa = PBXBuildFile; fileRef = 276F37BE1D4810CB004E1732 /* Main.storyboard */; };
		276F37C31D4810CB004E1732 /* Unique_AccessID_iOS.xcdatamodeld in Sources */ = {isa = PBXBuildFile; fileRef = 276F37C11D4810CB004E1732 /* Unique_AccessID_iOS.xcdatamodeld */; };
		276F37C51D4810CB004E1732 /* Assets.xcassets in Resources */ = {isa = PBXBuildFile; fileRef = 276F37C41D4810CB004E1732 /* Assets.xcassets */; };
		276F37C81D4810CB004E1732 /* LaunchScreen.storyboard in Resources */ = {isa = PBXBuildFile; fileRef = 276F37C61D4810CB004E1732 /* LaunchScreen.storyboard */; };
		276F37D31D4810CB004E1732 /* Unique_AccessID_iOSTests.swift in Sources */ = {isa = PBXBuildFile; fileRef = 276F37D21D4810CB004E1732 /* Unique_AccessID_iOSTests.swift */; };
		276F37DE1D4810CB004E1732 /* Unique_AccessID_iOSUITests.swift in Sources */ = {isa = PBXBuildFile; fileRef = 276F37DD1D4810CB004E1732 /* Unique_AccessID_iOSUITests.swift */; };
/* End PBXBuildFile section */

/* Begin PBXContainerItemProxy section */
		276F37CF1D4810CB004E1732 /* PBXContainerItemProxy */ = {
			isa = PBXContainerItemProxy;
			containerPortal = 276F37AF1D4810CB004E1732 /* Project object */;
			proxyType = 1;
			remoteGlobalIDString = 276F37B61D4810CB004E1732;
			remoteInfo = Unique_AccessID_iOS;
		};
		276F37DA1D4810CB004E1732 /* PBXContainerItemProxy */ = {
			isa = PBXContainerItemProxy;
			containerPortal = 276F37AF1D4810CB004E1732 /* Project object */;
			proxyType = 1;
			remoteGlobalIDString = 276F37B61D4810CB004E1732;
			remoteInfo = Unique_AccessID_iOS;
		};
/* End PBXContainerItemProxy section */

/* Begin PBXFileReference section */
		276F37B71D4810CB004E1732 /* Unique_AccessID_iOS.app */ = {isa = PBXFileReference; explicitFileType = wrapper.application; includeInIndex = 0; path = Unique_AccessID_iOS.app; sourceTree = BUILT_PRODUCTS_DIR; };
		276F37BA1D4810CB004E1732 /* AppDelegate.swift */ = {isa = PBXFileReference; lastKnownFileType = sourcecode.swift; path = AppDelegate.swift; sourceTree = "<group>"; };
		276F37BC1D4810CB004E1732 /* ViewController.swift */ = {isa = PBXFileReference; lastKnownFileType = sourcecode.swift; path = ViewController.swift; sourceTree = "<group>"; };
		276F37BF1D4810CB004E1732 /* Base */ = {isa = PBXFileReference; lastKnownFileType = file.storyboard; name = Base; path = Base.lproj/Main.storyboard; sourceTree = "<group>"; };
		276F37C21D4810CB004E1732 /* Unique_AccessID_iOS.xcdatamodel */ = {isa = PBXFileReference; lastKnownFileType = wrapper.xcdatamodel; path = Unique_AccessID_iOS.xcdatamodel; sourceTree = "<group>"; };
		276F37C41D4810CB004E1732 /* Assets.xcassets */ = {isa = PBXFileReference; lastKnownFileType = folder.assetcatalog; path = Assets.xcassets; sourceTree = "<group>"; };
		276F37C71D4810CB004E1732 /* Base */ = {isa = PBXFileReference; lastKnownFileType = file.storyboard; name = Base; path = Base.lproj/LaunchScreen.storyboard; sourceTree = "<group>"; };
		276F37C91D4810CB004E1732 /* Info.plist */ = {isa = PBXFileReference; lastKnownFileType = text.plist.xml; path = Info.plist; sourceTree = "<group>"; };
		276F37CE1D4810CB004E1732 /* Unique_AccessID_iOSTests.xctest */ = {isa = PBXFileReference; explicitFileType = wrapper.cfbundle; includeInIndex = 0; path = Unique_AccessID_iOSTests.xctest; sourceTree = BUILT_PRODUCTS_DIR; };
		276F37D21D4810CB004E1732 /* Unique_AccessID_iOSTests.swift */ = {isa = PBXFileReference; lastKnownFileType = sourcecode.swift; path = Unique_AccessID_iOSTests.swift; sourceTree = "<group>"; };
		276F37D41D4810CB004E1732 /* Info.plist */ = {isa = PBXFileReference; lastKnownFileType = text.plist.xml; path = Info.plist; sourceTree = "<group>"; };
		276F37D91D4810CB004E1732 /* Unique_AccessID_iOSUITests.xctest */ = {isa = PBXFileReference; explicitFileType = wrapper.cfbundle; includeInIndex = 0; path = Unique_AccessID_iOSUITests.xctest; sourceTree = BUILT_PRODUCTS_DIR; };
		276F37DD1D4810CB004E1732 /* Unique_AccessID_iOSUITests.swift */ = {isa = PBXFileReference; lastKnownFileType = sourcecode.swift; path = Unique_AccessID_iOSUITests.swift; sourceTree = "<group>"; };
		276F37DF1D4810CB004E1732 /* Info.plist */ = {isa = PBXFileReference; lastKnownFileType = text.plist.xml; path = Info.plist; sourceTree = "<group>"; };
/* End PBXFileReference section */

/* Begin PBXFrameworksBuildPhase section */
		276F37B41D4810CB004E1732 /* Frameworks */ = {
			isa = PBXFrameworksBuildPhase;
			buildActionMask = 2147483647;
			files = (
			);
			runOnlyForDeploymentPostprocessing = 0;
		};
		276F37CB1D4810CB004E1732 /* Frameworks */ = {
			isa = PBXFrameworksBuildPhase;
			buildActionMask = 2147483647;
			files = (
			);
			runOnlyForDeploymentPostprocessing = 0;
		};
		276F37D61D4810CB004E1732 /* Frameworks */ = {
			isa = PBXFrameworksBuildPhase;
			buildActionMask = 2147483647;
			files = (
			);
			runOnlyForDeploymentPostprocessing = 0;
		};
/* End PBXFrameworksBuildPhase section */

/* Begin PBXGroup section */
		276F37AE1D4810CB004E1732 = {
			isa = PBXGroup;
			children = (
				276F37B91D4810CB004E1732 /* Unique_AccessID_iOS */,
				276F37D11D4810CB004E1732 /* Unique_AccessID_iOSTests */,
				276F37DC1D4810CB004E1732 /* Unique_AccessID_iOSUITests */,
				276F37B81D4810CB004E1732 /* Products */,
			);
			sourceTree = "<group>";
		};
		276F37B81D4810CB004E1732 /* Products */ = {
			isa = PBXGroup;
			children = (
				276F37B71D4810CB004E1732 /* Unique_AccessID_iOS.app */,
				276F37CE1D4810CB004E1732 /* Unique_AccessID_iOSTests.xctest */,
				276F37D91D4810CB004E1732 /* Unique_AccessID_iOSUITests.xctest */,
			);
			name = Products;
			sourceTree = "<group>";
		};
		276F37B91D4810CB004E1732 /* Unique_AccessID_iOS */ = {
			isa = PBXGroup;
			children = (
				276F37BC1D4810CB004E1732 /* ViewController.swift */,
				276F37C41D4810CB004E1732 /* Assets.xcassets */,
				276F37BA1D4810CB004E1732 /* AppDelegate.swift */,
				276F37BE1D4810CB004E1732 /* Main.storyboard */,
				276F37C61D4810CB004E1732 /* LaunchScreen.storyboard */,
				276F37C91D4810CB004E1732 /* Info.plist */,
				276F37C11D4810CB004E1732 /* Unique_AccessID_iOS.xcdatamodeld */,
			);
			path = Unique_AccessID_iOS;
			sourceTree = "<group>";
		};
		276F37D11D4810CB004E1732 /* Unique_AccessID_iOSTests */ = {
			isa = PBXGroup;
			children = (
				276F37D21D4810CB004E1732 /* Unique_AccessID_iOSTests.swift */,
				276F37D41D4810CB004E1732 /* Info.plist */,
			);
			path = Unique_AccessID_iOSTests;
			sourceTree = "<group>";
		};
		276F37DC1D4810CB004E1732 /* Unique_AccessID_iOSUITests */ = {
			isa = PBXGroup;
			children = (
				276F37DD1D4810CB004E1732 /* Unique_AccessID_iOSUITests.swift */,
				276F37DF1D4810CB004E1732 /* Info.plist */,
			);
			path = Unique_AccessID_iOSUITests;
			sourceTree = "<group>";
		};
/* End PBXGroup section */

/* Begin PBXNativeTarget section */
		276F37B61D4810CB004E1732 /* Unique_AccessID_iOS */ = {
			isa = PBXNativeTarget;
			buildConfigurationList = 276F37E21D4810CB004E1732 /* Build configuration list for PBXNativeTarget "Unique_AccessID_iOS" */;
			buildPhases = (
				276F37B31D4810CB004E1732 /* Sources */,
				276F37B41D4810CB004E1732 /* Frameworks */,
				276F37B51D4810CB004E1732 /* Resources */,
			);
			buildRules = (
			);
			dependencies = (
			);
			name = Unique_AccessID_iOS;
			productName = Unique_AccessID_iOS;
			productReference = 276F37B71D4810CB004E1732 /* Unique_AccessID_iOS.app */;
			productType = "com.apple.product-type.application";
		};
		276F37CD1D4810CB004E1732 /* Unique_AccessID_iOSTests */ = {
			isa = PBXNativeTarget;
			buildConfigurationList = 276F37E51D4810CB004E1732 /* Build configuration list for PBXNativeTarget "Unique_AccessID_iOSTests" */;
			buildPhases = (
				276F37CA1D4810CB004E1732 /* Sources */,
				276F37CB1D4810CB004E1732 /* Frameworks */,
				276F37CC1D4810CB004E1732 /* Resources */,
			);
			buildRules = (
			);
			dependencies = (
				276F37D01D4810CB004E1732 /* PBXTargetDependency */,
			);
			name = Unique_AccessID_iOSTests;
			productName = Unique_AccessID_iOSTests;
			productReference = 276F37CE1D4810CB004E1732 /* Unique_AccessID_iOSTests.xctest */;
			productType = "com.apple.product-type.bundle.unit-test";
		};
		276F37D81D4810CB004E1732 /* Unique_AccessID_iOSUITests */ = {
			isa = PBXNativeTarget;
			buildConfigurationList = 276F37E81D4810CB004E1732 /* Build configuration list for PBXNativeTarget "Unique_AccessID_iOSUITests" */;
			buildPhases = (
				276F37D51D4810CB004E1732 /* Sources */,
				276F37D61D4810CB004E1732 /* Frameworks */,
				276F37D71D4810CB004E1732 /* Resources */,
			);
			buildRules = (
			);
			dependencies = (
				276F37DB1D4810CB004E1732 /* PBXTargetDependency */,
			);
			name = Unique_AccessID_iOSUITests;
			productName = Unique_AccessID_iOSUITests;
			productReference = 276F37D91D4810CB004E1732 /* Unique_AccessID_iOSUITests.xctest */;
			productType = "com.apple.product-type.bundle.ui-testing";
		};
/* End PBXNativeTarget section */

/* Begin PBXProject section */
		276F37AF1D4810CB004E1732 /* Project object */ = {
			isa = PBXProject;
			attributes = {
				LastSwiftUpdateCheck = 0730;
				LastUpgradeCheck = 0730;
				ORGANIZATIONNAME = nickbryanmiller;
				TargetAttributes = {
					276F37B61D4810CB004E1732 = {
						CreatedOnToolsVersion = 7.3;
					};
					276F37CD1D4810CB004E1732 = {
						CreatedOnToolsVersion = 7.3;
						TestTargetID = 276F37B61D4810CB004E1732;
					};
					276F37D81D4810CB004E1732 = {
						CreatedOnToolsVersion = 7.3;
						TestTargetID = 276F37B61D4810CB004E1732;
					};
				};
			};
			buildConfigurationList = 276F37B21D4810CB004E1732 /* Build configuration list for PBXProject "Unique_AccessID_iOS" */;
			compatibilityVersion = "Xcode 3.2";
			developmentRegion = English;
			hasScannedForEncodings = 0;
			knownRegions = (
				en,
				Base,
			);
			mainGroup = 276F37AE1D4810CB004E1732;
			productRefGroup = 276F37B81D4810CB004E1732 /* Products */;
			projectDirPath = "";
			projectRoot = "";
			targets = (
				276F37B61D4810CB004E1732 /* Unique_AccessID_iOS */,
				276F37CD1D4810CB004E1732 /* Unique_AccessID_iOSTests */,
				276F37D81D4810CB004E1732 /* Unique_AccessID_iOSUITests */,
			);
		};
/* End PBXProject section */

/* Begin PBXResourcesBuildPhase section */
		276F37B51D4810CB004E1732 /* Resources */ = {
			isa = PBXResourcesBuildPhase;
			buildActionMask = 2147483647;
			files = (
				276F37C81D4810CB004E1732 /* LaunchScreen.storyboard in Resources */,
				276F37C51D4810CB004E1732 /* Assets.xcassets in Resources */,
				276F37C01D4810CB004E1732 /* Main.storyboard in Resources */,
			);
			runOnlyForDeploymentPostprocessing = 0;
		};
		276F37CC1D4810CB004E1732 /* Resources */ = {
			isa = PBXResourcesBuildPhase;
			buildActionMask = 2147483647;
			files = (
			);
			runOnlyForDeploymentPostprocessing = 0;
		};
		276F37D71D4810CB004E1732 /* Resources */ = {
			isa = PBXResourcesBuildPhase;
			buildActionMask = 2147483647;
			files = (
			);
			runOnlyForDeploymentPostprocessing = 0;
		};
/* End PBXResourcesBuildPhase section */

/* Begin PBXSourcesBuildPhase section */
		276F37B31D4810CB004E1732 /* Sources */ = {
			isa = PBXSourcesBuildPhase;
			buildActionMask = 2147483647;
			files = (
				276F37BD1D4810CB004E1732 /* ViewController.swift in Sources */,
				276F37BB1D4810CB004E1732 /* AppDelegate.swift in Sources */,
				276F37C31D4810CB004E1732 /* Unique_AccessID_iOS.xcdatamodeld in Sources */,
			);
			runOnlyForDeploymentPostprocessing = 0;
		};
		276F37CA1D4810CB004E1732 /* Sources */ = {
			isa = PBXSourcesBuildPhase;
			buildActionMask = 2147483647;
			files = (
				276F37D31D4810CB004E1732 /* Unique_AccessID_iOSTests.swift in Sources */,
			);
			runOnlyForDeploymentPostprocessing = 0;
		};
		276F37D51D4810CB004E1732 /* Sources */ = {
			isa = PBXSourcesBuildPhase;
			buildActionMask = 2147483647;
			files = (
				276F37DE1D4810CB004E1732 /* Unique_AccessID_iOSUITests.swift in Sources */,
			);
			runOnlyForDeploymentPostprocessing = 0;
		};
/* End PBXSourcesBuildPhase section */

/* Begin PBXTargetDependency section */
		276F37D01D4810CB004E1732 /* PBXTargetDependency */ = {
			isa = PBXTargetDependency;
			target = 276F37B61D4810CB004E1732 /* Unique_AccessID_iOS */;
			targetProxy = 276F37CF1D4810CB004E1732 /* PBXContainerItemProxy */;
		};
		276F37DB1D4810CB004E1732 /* PBXTargetDependency */ = {
			isa = PBXTargetDependency;
			target = 276F37B61D4810CB004E1732 /* Unique_AccessID_iOS */;
			targetProxy = 276F37DA1D4810CB004E1732 /* PBXContainerItemProxy */;
		};
/* End PBXTargetDependency section */

/* Begin PBXVariantGroup section */
		276F37BE1D4810CB004E1732 /* Main.storyboard */ = {
			isa = PBXVariantGroup;
			children = (
				276F37BF1D4810CB004E1732 /* Base */,
			);
			name = Main.storyboard;
			sourceTree = "<group>";
		};
		276F37C61D4810CB004E1732 /* LaunchScreen.storyboard */ = {
			isa = PBXVariantGroup;
			children = (
				276F37C71D4810CB004E1732 /* Base */,
			);
			name = LaunchScreen.storyboard;
			sourceTree = "<group>";
		};
/* End PBXVariantGroup section */

/* Begin XCBuildConfiguration section */
		276F37E01D4810CB004E1732 /* Debug */ = {
			isa = XCBuildConfiguration;
			buildSettings = {
				ALWAYS_SEARCH_USER_PATHS = NO;
				CLANG_ANALYZER_NONNULL = YES;
				CLANG_CXX_LANGUAGE_STANDARD = "gnu++0x";
				CLANG_CXX_LIBRARY = "libc++";
				CLANG_ENABLE_MODULES = YES;
				CLANG_ENABLE_OBJC_ARC = YES;
				CLANG_WARN_BOOL_CONVERSION = YES;
				CLANG_WARN_CONSTANT_CONVERSION = YES;
				CLANG_WARN_DIRECT_OBJC_ISA_USAGE = YES_ERROR;
				CLANG_WARN_EMPTY_BODY = YES;
				CLANG_WARN_ENUM_CONVERSION = YES;
				CLANG_WARN_INT_CONVERSION = YES;
				CLANG_WARN_OBJC_ROOT_CLASS = YES_ERROR;
				CLANG_WARN_UNREACHABLE_CODE = YES;
				CLANG_WARN__DUPLICATE_METHOD_MATCH = YES;
				"CODE_SIGN_IDENTITY[sdk=iphoneos*]" = "iPhone Developer";
				COPY_PHASE_STRIP = NO;
				DEBUG_INFORMATION_FORMAT = dwarf;
				ENABLE_STRICT_OBJC_MSGSEND = YES;
				ENABLE_TESTABILITY = YES;
				GCC_C_LANGUAGE_STANDARD = gnu99;
				GCC_DYNAMIC_NO_PIC = NO;
				GCC_NO_COMMON_BLOCKS = YES;
				GCC_OPTIMIZATION_LEVEL = 0;
				GCC_PREPROCESSOR_DEFINITIONS = (
					"DEBUG=1",
					"$(inherited)",
				);
				GCC_WARN_64_TO_32_BIT_CONVERSION = YES;
				GCC_WARN_ABOUT_RETURN_TYPE = YES_ERROR;
				GCC_WARN_UNDECLARED_SELECTOR = YES;
				GCC_WARN_UNINITIALIZED_AUTOS = YES_AGGRESSIVE;
				GCC_WARN_UNUSED_FUNCTION = YES;
				GCC_WARN_UNUSED_VARIABLE = YES;
				IPHONEOS_DEPLOYMENT_TARGET = 9.3;
				MTL_ENABLE_DEBUG_INFO = YES;
				ONLY_ACTIVE_ARCH = YES;
				SDKROOT = iphoneos;
				SWIFT_OPTIMIZATION_LEVEL = "-Onone";
			};
			name = Debug;
		};
		276F37E11D4810CB004E1732 /* Release */ = {
			isa = XCBuildConfiguration;
			buildSettings = {
				ALWAYS_SEARCH_USER_PATHS = NO;
				CLANG_ANALYZER_NONNULL = YES;
				CLANG_CXX_LANGUAGE_STANDARD = "gnu++0x";
				CLANG_CXX_LIBRARY = "libc++";
				CLANG_ENABLE_MODULES = YES;
				CLANG_ENABLE_OBJC_ARC = YES;
				CLANG_WARN_BOOL_CONVERSION = YES;
				CLANG_WARN_CONSTANT_CONVERSION = YES;
				CLANG_WARN_DIRECT_OBJC_ISA_USAGE = YES_ERROR;
				CLANG_WARN_EMPTY_BODY = YES;
				CLANG_WARN_ENUM_CONVERSION = YES;
				CLANG_WARN_INT_CONVERSION = YES;
				CLANG_WARN_OBJC_ROOT_CLASS = YES_ERROR;
				CLANG_WARN_UNREACHABLE_CODE = YES;
				CLANG_WARN__DUPLICATE_METHOD_MATCH = YES;
				"CODE_SIGN_IDENTITY[sdk=iphoneos*]" = "iPhone Developer";
				COPY_PHASE_STRIP = NO;
				DEBUG_INFORMATION_FORMAT = "dwarf-with-dsym";
				ENABLE_NS_ASSERTIONS = NO;
				ENABLE_STRICT_OBJC_MSGSEND = YES;
				GCC_C_LANGUAGE_STANDARD = gnu99;
				GCC_NO_COMMON_BLOCKS = YES;
				GCC_WARN_64_TO_32_BIT_CONVERSION = YES;
				GCC_WARN_ABOUT_RETURN_TYPE = YES_ERROR;
				GCC_WARN_UNDECLARED_SELECTOR = YES;
				GCC_WARN_UNINITIALIZED_AUTOS = YES_AGGRESSIVE;
				GCC_WARN_UNUSED_FUNCTION = YES;
				GCC_WARN_UNUSED_VARIABLE = YES;
				IPHONEOS_DEPLOYMENT_TARGET = 9.3;
				MTL_ENABLE_DEBUG_INFO = NO;
				SDKROOT = iphoneos;
				VALIDATE_PRODUCT = YES;
			};
			name = Release;
		};
		276F37E31D4810CB004E1732 /* Debug */ = {
			isa = XCBuildConfiguration;
			buildSettings = {
				ASSETCATALOG_COMPILER_APPICON_NAME = AppIcon;
				INFOPLIST_FILE = Unique_AccessID_iOS/Info.plist;
				LD_RUNPATH_SEARCH_PATHS = "$(inherited) @executable_path/Frameworks";
				PRODUCT_BUNDLE_IDENTIFIER = "nickbryanmiller.Unique-AccessID-iOS";
				PRODUCT_NAME = "$(TARGET_NAME)";
			};
			name = Debug;
		};
		276F37E41D4810CB004E1732 /* Release */ = {
			isa = XCBuildConfiguration;
			buildSettings = {
				ASSETCATALOG_COMPILER_APPICON_NAME = AppIcon;
				INFOPLIST_FILE = Unique_AccessID_iOS/Info.plist;
				LD_RUNPATH_SEARCH_PATHS = "$(inherited) @executable_path/Frameworks";
				PRODUCT_BUNDLE_IDENTIFIER = "nickbryanmiller.Unique-AccessID-iOS";
				PRODUCT_NAME = "$(TARGET_NAME)";
			};
			name = Release;
		};
		276F37E61D4810CB004E1732 /* Debug */ = {
			isa = XCBuildConfiguration;
			buildSettings = {
				BUNDLE_LOADER = "$(TEST_HOST)";
				INFOPLIST_FILE = Unique_AccessID_iOSTests/Info.plist;
				LD_RUNPATH_SEARCH_PATHS = "$(inherited) @executable_path/Frameworks @loader_path/Frameworks";
				PRODUCT_BUNDLE_IDENTIFIER = "nickbryanmiller.Unique-AccessID-iOSTests";
				PRODUCT_NAME = "$(TARGET_NAME)";
				TEST_HOST = "$(BUILT_PRODUCTS_DIR)/Unique_AccessID_iOS.app/Unique_AccessID_iOS";
			};
			name = Debug;
		};
		276F37E71D4810CB004E1732 /* Release */ = {
			isa = XCBuildConfiguration;
			buildSettings = {
				BUNDLE_LOADER = "$(TEST_HOST)";
				INFOPLIST_FILE = Unique_AccessID_iOSTests/Info.plist;
				LD_RUNPATH_SEARCH_PATHS = "$(inherited) @executable_path/Frameworks @loader_path/Frameworks";
				PRODUCT_BUNDLE_IDENTIFIER = "nickbryanmiller.Unique-AccessID-iOSTests";
				PRODUCT_NAME = "$(TARGET_NAME)";
				TEST_HOST = "$(BUILT_PRODUCTS_DIR)/Unique_AccessID_iOS.app/Unique_AccessID_iOS";
			};
			name = Release;
		};
		276F37E91D4810CB004E1732 /* Debug */ = {
			isa = XCBuildConfiguration;
			buildSettings = {
				INFOPLIST_FILE = Unique_AccessID_iOSUITests/Info.plist;
				LD_RUNPATH_SEARCH_PATHS = "$(inherited) @executable_path/Frameworks @loader_path/Frameworks";
				PRODUCT_BUNDLE_IDENTIFIER = "nickbryanmiller.Unique-AccessID-iOSUITests";
				PRODUCT_NAME = "$(TARGET_NAME)";
				TEST_TARGET_NAME = Unique_AccessID_iOS;
			};
			name = Debug;
		};
		276F37EA1D4810CB004E1732 /* Release */ = {
			isa = XCBuildConfiguration;
			buildSettings = {
				INFOPLIST_FILE = Unique_AccessID_iOSUITests/Info.plist;
				LD_RUNPATH_SEARCH_PATHS = "$(inherited) @executable_path/Frameworks @loader_path/Frameworks";
				PRODUCT_BUNDLE_IDENTIFIER = "nickbryanmiller.Unique-AccessID-iOSUITests";
				PRODUCT_NAME = "$(TARGET_NAME)";
				TEST_TARGET_NAME = Unique_AccessID_iOS;
			};
			name = Release;
		};
/* End XCBuildConfiguration section */

/* Begin XCConfigurationList section */
		276F37B21D4810CB004E1732 /* Build configuration list for PBXProject "Unique_AccessID_iOS" */ = {
			isa = XCConfigurationList;
			buildConfigurations = (
				276F37E01D4810CB004E1732 /* Debug */,
				276F37E11D4810CB004E1732 /* Release */,
			);
			defaultConfigurationIsVisible = 0;
			defaultConfigurationName = Release;
		};
		276F37E21D4810CB004E1732 /* Build configuration list for PBXNativeTarget "Unique_AccessID_iOS" */ = {
			isa = XCConfigurationList;
			buildConfigurations = (
				276F37E31D4810CB004E1732 /* Debug */,
				276F37E41D4810CB004E1732 /* Release */,
			);
			defaultConfigurationIsVisible = 0;
		};
		276F37E51D4810CB004E1732 /* Build configuration list for PBXNativeTarget "Unique_AccessID_iOSTests" */ = {
			isa = XCConfigurationList;
			buildConfigurations = (
				276F37E61D4810CB004E1732 /* Debug */,
				276F37E71D4810CB004E1732 /* Release */,
			);
			defaultConfigurationIsVisible = 0;
		};
		276F37E81D4810CB004E1732 /* Build configuration list for PBXNativeTarget "Unique_AccessID_iOSUITests" */ = {
			isa = XCConfigurationList;
			buildConfigurations = (
				276F37E91D4810CB004E1732 /* Debug */,
				276F37EA1D4810CB004E1732 /* Release */,
			);
			defaultConfigurationIsVisible = 0;
		};
/* End XCConfigurationList section */

/* Begin XCVersionGroup section */
		276F37C11D4810CB004E1732 /* Unique_AccessID_iOS.xcdatamodeld */ = {
			isa = XCVersionGroup;
			children = (
				276F37C21D4810CB004E1732 /* Unique_AccessID_iOS.xcdatamodel */,
			);
			currentVersion = 276F37C21D4810CB004E1732 /* Unique_AccessID_iOS.xcdatamodel */;
			path = Unique_AccessID_iOS.xcdatamodeld;
			sourceTree = "<group>";
			versionGroupType = wrapper.xcdatamodel;
		};
/* End XCVersionGroup section */
	};
	rootObject = 276F37AF1D4810CB004E1732 /* Project object */;
}
